lockfileVersion: '9.0'

settings:
  autoInstallPeers: true
  excludeLinksFromLockfile: false

importers:

  .:
    devDependencies:
      husky:
        specifier: ^9.1.7
        version: 9.1.7
      lint-staged:
        specifier: ^16.4.0
        version: 16.4.0
      oxfmt:
        specifier: ^0.45.0
        version: 0.45.0
      oxlint:
        specifier: ^1.60.0
        version: 1.60.0
      rumdl:
        specifier: ^0.1.74
        version: 0.1.74
      skills-npm:
        specifier: ^1.1.1
        version: 1.1.1
      typescript:
        specifier: ^6.0.3
        version: 6.0.3

packages:

  '@clack/core@1.2.0':
    resolution: {integrity: sha512-qfxof/3T3t9DPU/Rj3OmcFyZInceqj/NVtO9rwIuJqCUgh32gwPjpFQQp/ben07qKlhpwq7GzfWpST4qdJ5Drg==}

  '@clack/prompts@1.2.0':
    resolution: {integrity: sha512-4jmztR9fMqPMjz6H/UZXj0zEmE43ha1euENwkckKKel4XpSfokExPo5AiVStdHSAlHekz4d0CA/r45Ok1E4D3w==}

  '@oxfmt/binding-android-arm-eabi@0.45.0':
    resolution: {integrity: sha512-A/UMxFob1fefCuMeGxQBulGfFE38g2Gm23ynr3u6b+b7fY7/ajGbNsa3ikMIkGMLJW/TRoQaMoP1kME7S+815w==}
    engines: {node: ^20.19.0 || >=22.12.0}
    cpu: [arm]
    os: [android]

  '@oxfmt/binding-android-arm64@0.45.0':
    resolution: {integrity: sha512-L63z4uZmHjgvvqvMJD7mwff8aSBkM0+X4uFr6l6U5t6+Qc9DCLVZWIunJ7Gm4fn4zHPdSq6FFQnhu9yqqobxIg==}
    engines: {node: ^20.19.0 || >=22.12.0}
    cpu: [arm64]
    os: [android]

  '@oxfmt/binding-darwin-arm64@0.45.0':
    resolution: {integrity: sha512-UV34dd623FzqT+outIGndsCA/RBB+qgB3XVQhgmmJ9PJwa37NzPC9qzgKeOhPKxVk2HW+JKldQrVL54zs4Noww==}
    engines: {node: ^20.19.0 || >=22.12.0}
    cpu: [arm64]
    os: [darwin]

  '@oxfmt/binding-darwin-x64@0.45.0':
    resolution: {integrity: sha512-pMNJv0CMa1pDefVPeNbuQxibh8ITpWDFEhMC/IBB9Zlu76EbgzYwrzI4Cb11mqX2+rIYN70UTrh3z06TM59ptQ==}
    engines: {node: ^20.19.0 || >=22.12.0}
    cpu: [x64]
    os: [darwin]

  '@oxfmt/binding-freebsd-x64@0.45.0':
    resolution: {integrity: sha512-xTcRoxbbo61sW2+ZRPeH+vp/o9G8gkdhiVumFU+TpneiPm14c79l6GFlxPXlCE9bNWikigbsrvJw46zCVAQFfg==}
    engines: {node: ^20.19.0 || >=22.12.0}
    cpu: [x64]
    os: [freebsd]

  '@oxfmt/binding-linux-arm-gnueabihf@0.45.0':
    resolution: {integrity: sha512-hWL8Hdni+3U1mPFx1UtWeGp3tNb6EhBAUHRMbKUxVkOp3WwoJbpVO2bfUVbS4PfpledviXXNHSTl1veTa6FhkQ==}
    engines: {node: ^20.19.0 || >=22.12.0}
    cpu: [arm]
    os: [linux]

  '@oxfmt/binding-linux-arm-musleabihf@0.45.0':
    resolution: {integrity: sha512-6Blt/0OBT7vvfQpqYuYbpbFLPqSiaYpEJzUUWhinPEuADypDbtV1+LdjM0vYBNGPvnj85ex7lTerEX6JGcPt9w==}
    engines: {node: ^20.19.0 || >=22.12.0}
    cpu: [arm]
    os: [linux]

  '@oxfmt/binding-linux-arm64-gnu@0.45.0':
    resolution: {integrity: sha512-jLjoLfe+hGfjhA8hNBSdw85yCA8ePKq7ME4T+g6P9caQXvmt6IhE2X7iVjnVdkmYUWEzZrxlh4p6RkDmAMJY/A==}
    engines: {node: ^20.19.0 || >=22.12.0}
    cpu: [arm64]
    os: [linux]
    libc: [glibc]

  '@oxfmt/binding-linux-arm64-musl@0.45.0':
    resolution: {integrity: sha512-XQKXZIKYJC3GQJ8FnD3iMntpw69Wd9kDDK/Xt79p6xnFYlGGxSNv2vIBvRTDg5CKByWFWWZLCRDOXoP/m6YN4g==}
    engines: {node: ^20.19.0 || >=22.12.0}
    cpu: [arm64]
    os: [linux]
    libc: [musl]

  '@oxfmt/binding-linux-ppc64-gnu@0.45.0':
    resolution: {integrity: sha512-+g5RiG+xOkdrCWkKodv407nTvMq4vYM18Uox2MhZBm/YoqFxxJpWKsloskFFG5NU13HGPw1wzYjjOVcyd9moCA==}
    engines: {node: ^20.19.0 || >=22.12.0}
    cpu: [ppc64]
    os: [linux]
    libc: [glibc]

  '@oxfmt/binding-linux-riscv64-gnu@0.45.0':
    resolution: {integrity: sha512-V7dXKoSyEbWAkkSF4JJNtF+NJZDmJoSarSoP30WCsB3X636Rehd3CvxBj49FIJxEBFWhvcUjGSHVeU8Erck1bQ==}
    engines: {node: ^20.19.0 || >=22.12.0}
    cpu: [riscv64]
    os: [linux]
    libc: [glibc]

  '@oxfmt/binding-linux-riscv64-musl@0.45.0':
    resolution: {integrity: sha512-Vdelft1sAEYojVGgcODEFXSWYQYlIvoyIGWebKCuUibd1tvS1TjTx413xG2ZLuHpYj45CkN/ztMLMX6jrgqpgg==}
    engines: {node: ^20.19.0 || >=22.12.0}
    cpu: [riscv64]
    os: [linux]
    libc: [musl]

  '@oxfmt/binding-linux-s390x-gnu@0.45.0':
    resolution: {integrity: sha512-RR7xKgNpqwENnK0aYCGYg0JycY2n93J0reNjHyes+I9Gq52dH95x+CBlnlAQHCPfz6FGnKA9HirgUl14WO6o7w==}
    engines: {node: ^20.19.0 || >=22.12.0}
    cpu: [s390x]
    os: [linux]
    libc: [glibc]

  '@oxfmt/binding-linux-x64-gnu@0.45.0':
    resolution: {integrity: sha512-U/QQ0+BQNSHxjuXR/utvXnQ50Vu5kUuqEomZvQ1/3mhgbBiMc2WU9q5kZ5WwLp3gnFIx9ibkveoRSe2EZubkqg==}
    engines: {node: ^20.19.0 || >=22.12.0}
    cpu: [x64]
    os: [linux]
    libc: [glibc]

  '@oxfmt/binding-linux-x64-musl@0.45.0':
    resolution: {integrity: sha512-o5TLOUCF0RWQjsIS06yVC+kFgp092/yLe6qBGSUvtnmTVw9gxjpdQSXc3VN5Cnive4K11HNstEZF8ROKHfDFSw==}
    engines: {node: ^20.19.0 || >=22.12.0}
    cpu: [x64]
    os: [linux]
    libc: [musl]

  '@oxfmt/binding-openharmony-arm64@0.45.0':
    resolution: {integrity: sha512-RnGcV3HgPuOjsGx/k9oyRNKmOp+NBLGzZTdPDYbc19r7NGeYPplnUU/BfU35bX2Y/O4ejvHxcfkvW2WoYL/gsg==}
    engines: {node: ^20.19.0 || >=22.12.0}
    cpu: [arm64]
    os: [openharmony]

  '@oxfmt/binding-win32-arm64-msvc@0.45.0':
    resolution: {integrity: sha512-v3Vj7iKKsUFwt9w5hsqIIoErKVoENC6LoqfDlteOQ5QMDCXihlqLoxpmviUhXnNncg4zV6U9BPwlBbwa+qm4wg==}
    engines: {node: ^20.19.0 || >=22.12.0}
    cpu: [arm64]
    os: [win32]

  '@oxfmt/binding-win32-ia32-msvc@0.45.0':
    resolution: {integrity: sha512-N8yotPBX6ph0H3toF4AEpdCeVPrdcSetj+8eGiZGsrLsng3bs/Q5HPu4bbSxip5GBPx5hGbGHrZwH4+rcrjhHA==}
    engines: {node: ^20.19.0 || >=22.12.0}
    cpu: [ia32]
    os: [win32]

  '@oxfmt/binding-win32-x64-msvc@0.45.0':
    resolution: {integrity: sha512-w5MMTRCK1dpQeRA+HHqXQXyN33DlG/N2LOYxJmaT4fJjcmZrbNnqw7SmIk7I2/a2493PPLZ+2E/Ar6t2iKVMug==}
    engines: {node: ^20.19.0 || >=22.12.0}
    cpu: [x64]
    os: [win32]

  '@oxlint/binding-android-arm-eabi@1.60.0':
    resolution: {integrity: sha512-YdeJKaZckDQL1qa62a1aKq/goyq48aX3yOxaaWqWb4sau4Ee4IiLbamftNLU3zbePky6QsDj6thnSSzHRBjDfA==}
    engines: {node: ^20.19.0 || >=22.12.0}
    cpu: [arm]
    os: [android]

  '@oxlint/binding-android-arm64@1.60.0':
    resolution: {integrity: sha512-7ANS7PpXCfq84xZQ8E5WPs14gwcuPcl+/8TFNXfpSu0CQBXz3cUo2fDpHT8v8HJN+Ut02eacvMAzTnc9s6X4tw==}
    engines: {node: ^20.19.0 || >=22.12.0}
    cpu: [arm64]
    os: [android]

  '@oxlint/binding-darwin-arm64@1.60.0':
    resolution: {integrity: sha512-pJsgd9AfplLGBm1fIr25V6V14vMrayhx4uIQvlfH7jWs2SZwSrvi3TfgfJySB8T+hvyEH8K2zXljQiUnkgUnfQ==}
    engines: {node: ^20.19.0 || >=22.12.0}
    cpu: [arm64]
    os: [darwin]

  '@oxlint/binding-darwin-x64@1.60.0':
    resolution: {integrity: sha512-Ue1aXHX49ivwflKqGJc7zcd/LeLgbhaTcDCQStgx5x06AXgjEAZmvrlMuIkWd4AL4FHQe6QJ9f33z04Cg448VQ==}
    engines: {node: ^20.19.0 || >=22.12.0}
    cpu: [x64]
    os: [darwin]

  '@oxlint/binding-freebsd-x64@1.60.0':
    resolution: {integrity: sha512-YCyQzsQtusQw+gNRW9rRTifSO+Dt/+dtCl2NHoDMZqJlRTEZ/Oht9YnuporI9yiTx7+cB+eqzX3MtHHVHGIWhg==}
    engines: {node: ^20.19.0 || >=22.12.0}
    cpu: [x64]
    os: [freebsd]

  '@oxlint/binding-linux-arm-gnueabihf@1.60.0':
    resolution: {integrity: sha512-c7dxM2Zksa45Qw16i2iGY3Fti2NirJ38FrsBsKw+qcJ0OtqTsBgKJLF0xV+yLG56UH01Z8WRPgsw31e0MoRoGQ==}
    engines: {node: ^20.19.0 || >=22.12.0}
    cpu: [arm]
    os: [linux]

  '@oxlint/binding-linux-arm-musleabihf@1.60.0':
    resolution: {integrity: sha512-ZWALoA42UYqBEP1Tbw9OWURgFGS1nWj2AAvLdY6ZcGx/Gj93qVCBKjcvwXMupZibYwFbi9s/rzqkZseb/6gVtQ==}
    engines: {node: ^20.19.0 || >=22.12.0}
    cpu: [arm]
    os: [linux]

  '@oxlint/binding-linux-arm64-gnu@1.60.0':
    resolution: {integrity: sha512-tpy+1w4p9hN5CicMCxqNy6ymfRtV5ayE573vFNjp1k1TN/qhLFgflveZoE/0++RlkHikBz2vY545NWm/hp7big==}
    engines: {node: ^20.19.0 || >=22.12.0}
    cpu: [arm64]
    os: [linux]
    libc: [glibc]

  '@oxlint/binding-linux-arm64-musl@1.60.0':
    resolution: {integrity: sha512-eDYDXZGhQAXyn6GwtwiX/qcLS0HlOLPJ/+iiIY8RYr+3P8oKBmgKxADLlniL6FtWfE7pPk7IGN9/xvDEvDvFeg==}
    engines: {node: ^20.19.0 || >=22.12.0}
    cpu: [arm64]
    os: [linux]
    libc: [musl]

  '@oxlint/binding-linux-ppc64-gnu@1.60.0':
    resolution: {integrity: sha512-nxehly5XYBHUWI9VJX1bqCf9j/B43DaK/aS/T1fcxCpX3PA4Rm9BB54nPD1CKayT8xg6REN1ao+01hSRNgy8OA==}
    engines: {node: ^20.19.0 || >=22.12.0}
    cpu: [ppc64]
    os: [linux]
    libc: [glibc]

  '@oxlint/binding-linux-riscv64-gnu@1.60.0':
    resolution: {integrity: sha512-j1qf/NaUfOWQutjeoooNG1Q0zsK0XGmSu1uDLq3cctquRF3j7t9Hxqf/76ehCc5GEUAanth2W4Fa+XT1RFg/nw==}
    engines: {node: ^20.19.0 || >=22.12.0}
    cpu: [riscv64]
    os: [linux]
    libc: [glibc]

  '@oxlint/binding-linux-riscv64-musl@1.60.0':
    resolution: {integrity: sha512-YELKPRefQ/q/h3RUmeRfPCUhh2wBvgV1RyZ/F9M9u8cDyXsQW2ojv1DeWQTt466yczDITjZnIOg/s05pk7Ve2A==}
    engines: {node: ^20.19.0 || >=22.12.0}
    cpu: [riscv64]
    os: [linux]
    libc: [musl]

  '@oxlint/binding-linux-s390x-gnu@1.60.0':
    resolution: {integrity: sha512-JkO3C6Gki7Y6h/MiIkFKvHFOz98/YWvQ4WYbK9DLXACMP2rjULzkeGyAzorJE5S1dzLQGFgeqvN779kSFwoV1g==}
    engines: {node: ^20.19.0 || >=22.12.0}
    cpu: [s390x]
    os: [linux]
    libc: [glibc]

  '@oxlint/binding-linux-x64-gnu@1.60.0':
    resolution: {integrity: sha512-XjKHdFVCpZZZSWBCKyyqCq65s2AKXykMXkjLoKYODrD+f5toLhlwsMESscu8FbgnJQ4Y/dpR/zdazsahmgBJIA==}
    engines: {node: ^20.19.0 || >=22.12.0}
    cpu: [x64]
    os: [linux]
    libc: [glibc]

  '@oxlint/binding-linux-x64-musl@1.60.0':
    resolution: {integrity: sha512-js29ZWIuPhNWzY8NC7KoffEMEeWG105vbmm+8EOJsC+T/jHBiKIJEUF78+F/IrgEWMMP9N0kRND4Pp75+xAhKg==}
    engines: {node: ^20.19.0 || >=22.12.0}
    cpu: [x64]
    os: [linux]
    libc: [musl]

  '@oxlint/binding-openharmony-arm64@1.60.0':
    resolution: {integrity: sha512-H+PUITKHk04stFpWj3x3Kg08Afp/bcXSBi0EhasR5a0Vw7StXHTzdl655PUI0fB4qdh2Wsu6Dsi+3ACxPoyQnA==}
    engines: {node: ^20.19.0 || >=22.12.0}
    cpu: [arm64]
    os: [openharmony]

  '@oxlint/binding-win32-arm64-msvc@1.60.0':
    resolution: {integrity: sha512-WA/yc7f7ZfCefBXVzNHn1Ztulb1EFwNBb4jMZ6pjML0zz6pHujlF3Q3jySluz3XHl/GNeMTntG1seUBWVMlMag==}
    engines: {node: ^20.19.0 || >=22.12.0}
    cpu: [arm64]
    os: [win32]

  '@oxlint/binding-win32-ia32-msvc@1.60.0':
    resolution: {integrity: sha512-33YxL1sqwYNZXtn3MD/4dno6s0xeedXOJlT1WohkVD565WvohClZUr7vwKdAk954n4xiEWJkewiCr+zLeq7AeA==}
    engines: {node: ^20.19.0 || >=22.12.0}
    cpu: [ia32]
    os: [win32]

  '@oxlint/binding-win32-x64-msvc@1.60.0':
    resolution: {integrity: sha512-JOro4ZcfBLamJCyfURQmOQByoorgOdx3ZjAkSqnb/CyG/i+lN3KoV5LAgk5ZAW6DPq7/Cx7n23f8DuTWXTWgyQ==}
    engines: {node: ^20.19.0 || >=22.12.0}
    cpu: [x64]
    os: [win32]

  '@quansync/fs@1.0.0':
    resolution: {integrity: sha512-4TJ3DFtlf1L5LDMaM6CanJ/0lckGNtJcMjQ1NAV6zDmA0tEHKZtxNKin8EgPaVX1YzljbxckyT2tJrpQKAtngQ==}

  '@rumdl/cli-darwin-arm64@0.1.74':
    resolution: {integrity: sha512-JzDAHK93q/XVozlgzFziFLH7auAz/lc2fBxyIZ5SkooW9atqxj5E/z3O2xBjNTLADCXA0RNLKpb1RJ3Fza0bRA==}
    engines: {node: '>=18.0.0'}
    cpu: [arm64]
    os: [darwin]

  '@rumdl/cli-darwin-x64@0.1.74':
    resolution: {integrity: sha512-AAsPK1Pu9rBp++50xoQJn2UK2yVebsxsG5nLceJeM1ZCPfkkekrWUgXg0FLrfuzZOMYGkMkDh16dEnWZdbMVUw==}
    engines: {node: '>=18.0.0'}
    cpu: [x64]
    os: [darwin]

  '@rumdl/cli-linux-arm64-musl@0.1.74':
    resolution: {integrity: sha512-QRUjNa7wkqFl3+RmxfzEuGk/SpBIdFeRo6/91hvwQob8Vz0cHqLzt1WXrn/bkpPQNaLQZx+Gq4moc0mepFa68w==}
    engines: {node: '>=18.0.0'}
    cpu: [arm64]
    os: [linux]
    libc: [musl]

  '@rumdl/cli-linux-arm64@0.1.74':
    resolution: {integrity: sha512-9eHeAEbV3yLfZ69F1MJN3QZYMY9fcUh0Fpk3jDWdkRq1YO959Cs0Nnq30lVo4lPY4psxYKJ/Cu7Wr5JoYrkqnw==}
    engines: {node: '>=18.0.0'}
    cpu: [arm64]
    os: [linux]
    libc: [glibc]

  '@rumdl/cli-linux-x64-musl@0.1.74':
    resolution: {integrity: sha512-mSGF9a8ueK+sSYUC9aEv6hM2OCij0xZeZCtMOA3vGUOY36dzA41SUvat5C/gpR14/Rr7CAmMUqHDUCrQRK25Zw==}
    engines: {node: '>=18.0.0'}
    cpu: [x64]
    os: [linux]
    libc: [musl]

  '@rumdl/cli-linux-x64@0.1.74':
    resolution: {integrity: sha512-PeFDBFkpz9d6Q0VPT/XT0bYU8WlER7fSan/CkNDlT5mmp6+sDwpNMEoUu3HXK9c01ncKJ4KDwpHebpj3ZpRqpQ==}
    engines: {node: '>=18.0.0'}
    cpu: [x64]
    os: [linux]
    libc: [glibc]

  '@rumdl/cli-win32-x64@0.1.74':
    resolution: {integrity: sha512-An6fEiuHjUlUe2SL03oTUh6ag7p9tkL3+clulS0roVUm6l2qyQqlutuqyqMYkLx3GqUtoHq8nv3xnFO75jgjlg==}
    engines: {node: '>=18.0.0'}
    cpu: [x64]
    os: [win32]

  ansi-escapes@7.3.0:
    resolution: {integrity: sha512-BvU8nYgGQBxcmMuEeUEmNTvrMVjJNSH7RgW24vXexN4Ven6qCvy4TntnvlnwnMLTVlcRQQdbRY8NKnaIoeWDNg==}
    engines: {node: '>=18'}

  ansi-regex@6.2.2:
    resolution: {integrity: sha512-Bq3SmSpyFHaWjPk8If9yc6svM8c56dB5BAtW4Qbw5jHTwwXXcTLoRMkpDJp6VL0XzlWaCHTXrkFURMYmD0sLqg==}
    engines: {node: '>=12'}

  ansi-styles@6.2.3:
    resolution: {integrity: sha512-4Dj6M28JB+oAH8kFkTLUo+a2jwOFkuqb3yucU0CANcRRUbxS0cP0nZYCGjcc3BNXwRIsUVmDGgzawme7zvJHvg==}
    engines: {node: '>=12'}

  argparse@1.0.10:
    resolution: {integrity: sha512-o5Roy6tNG4SL/FOkCAN6RzjiakZS25RLYFrcMttJqbdd8BWrnA+fGz57iN5Pb06pvBGvl5gQ0B48dJlslXvoTg==}

  cac@7.0.0:
    resolution: {integrity: sha512-tixWYgm5ZoOD+3g6UTea91eow5z6AAHaho3g0V9CNSNb45gM8SmflpAc+GRd1InC4AqN/07Unrgp56Y94N9hJQ==}
    engines: {node: '>=20.19.0'}

  cli-cursor@5.0.0:
    resolution: {integrity: sha512-aCj4O5wKyszjMmDT4tZj93kxyydN/K5zPWSCe6/0AV/AA1pqe5ZBIw0a2ZfPQV7lL5/yb5HsUreJ6UFAF1tEQw==}
    engines: {node: '>=18'}

  cli-truncate@5.2.0:
    resolution: {integrity: sha512-xRwvIOMGrfOAnM1JYtqQImuaNtDEv9v6oIYAs4LIHwTiKee8uwvIi363igssOC0O5U04i4AlENs79LQLu9tEMw==}
    engines: {node: '>=20'}

  colorette@2.0.20:
    resolution: {integrity: sha512-IfEDxwoWIjkeXL1eXcDiow4UbKjhLdq6/EuSVR9GMN7KVH3r9gQ83e73hsz1Nd1T3ijd5xv1wcWRYO+D6kCI2w==}

  commander@14.0.3:
    resolution: {integrity: sha512-H+y0Jo/T1RZ9qPP4Eh1pkcQcLRglraJaSLoyOtHxu6AapkjWVCy2Sit1QQ4x3Dng8qDlSsZEet7g5Pq06MvTgw==}
    engines: {node: '>=20'}

  defu@6.1.7:
    resolution: {integrity: sha512-7z22QmUWiQ/2d0KkdYmANbRUVABpZ9SNYyH5vx6PZ+nE5bcC0l7uFvEfHlyld/HcGBFTL536ClDt3DEcSlEJAQ==}

  emoji-regex@10.6.0:
    resolution: {integrity: sha512-toUI84YS5YmxW219erniWD0CIVOo46xGKColeNQRgOzDorgBi1v4D71/OFzgD9GO2UGKIv1C3Sp8DAn0+j5w7A==}

  environment@1.1.0:
    resolution: {integrity: sha512-xUtoPkMggbz0MPyPiIWr1Kp4aeWJjDZ6SMvURhimjdZgsRuDplF5/s9hcgGhyXMhs+6vpnuoiZ2kFiu3FMnS8Q==}
    engines: {node: '>=18'}

  esprima@4.0.1:
    resolution: {integrity: sha512-eGuFFw7Upda+g4p+QHvnW0RyTX/SVeJBDM/gCtMARO0cLuT2HcEKnTPvhjV6aGeqrCB/sbNop0Kszm0jsaWU4A==}
    engines: {node: '>=4'}
    hasBin: true

  eventemitter3@5.0.4:
    resolution: {integrity: sha512-mlsTRyGaPBjPedk6Bvw+aqbsXDtoAyAzm5MO7JgU+yVRyMQ5O8bD4Kcci7BS85f93veegeCPkL8R4GLClnjLFw==}

  extend-shallow@2.0.1:
    resolution: {integrity: sha512-zCnTtlxNoAiDc3gqY2aYAWFx7XWWiasuF2K8Me5WbN8otHKTUKBwjPtNpRs/rbUZm7KxWAaNj7P1a/p52GbVug==}
    engines: {node: '>=0.10.0'}

  fast-string-truncated-width@1.2.1:
    resolution: {integrity: sha512-Q9acT/+Uu3GwGj+5w/zsGuQjh9O1TyywhIwAxHudtWrgF09nHOPrvTLhQevPbttcxjr/SNN7mJmfOw/B1bXgow==}

  fast-string-width@1.1.0:
    resolution: {integrity: sha512-O3fwIVIH5gKB38QNbdg+3760ZmGz0SZMgvwJbA1b2TGXceKE6A2cOlfogh1iw8lr049zPyd7YADHy+B7U4W9bQ==}

  fast-wrap-ansi@0.1.6:
    resolution: {integrity: sha512-HlUwET7a5gqjURj70D5jl7aC3Zmy4weA1SHUfM0JFI0Ptq987NH2TwbBFLoERhfwk+E+eaq4EK3jXoT+R3yp3w==}

  fdir@6.5.0:
    resolution: {integrity: sha512-tIbYtZbucOs0BRGqPJkshJUYdL+SDH7dVM8gjy+ERp3WAUjLEFJE+02kanyHtwjWOnwrKYBiwAmM0p4kLJAnXg==}
    engines: {node: '>=12.0.0'}
    peerDependencies:
      picomatch: ^3 || ^4
    peerDependenciesMeta:
      picomatch:
        optional: true

  get-east-asian-width@1.5.0:
    resolution: {integrity: sha512-CQ+bEO+Tva/qlmw24dCejulK5pMzVnUOFOijVogd3KQs07HnRIgp8TGipvCCRT06xeYEbpbgwaCxglFyiuIcmA==}
    engines: {node: '>=18'}

  gray-matter@4.0.3:
    resolution: {integrity: sha512-5v6yZd4JK3eMI3FqqCouswVqwugaA9r4dNZB1wwcmrD02QkV5H0y7XBQW8QwQqEaZY1pM9aqORSORhJRdNK44Q==}
    engines: {node: '>=6.0'}

  husky@9.1.7:
    resolution: {integrity: sha512-5gs5ytaNjBrh5Ow3zrvdUUY+0VxIuWVL4i9irt6friV+BqdCfmV11CQTWMiBYWHbXhco+J1kHfTOUkePhCDvMA==}
    engines: {node: '>=18'}
    hasBin: true

  is-extendable@0.1.1:
    resolution: {integrity: sha512-5BMULNob1vgFX6EjQw5izWDxrecWK9AM72rugNr0TFldMOi0fj6Jk+zeKIt0xGj4cEfQIJth4w3OKWOJ4f+AFw==}
    engines: {node: '>=0.10.0'}

  is-fullwidth-code-point@5.1.0:
    resolution: {integrity: sha512-5XHYaSyiqADb4RnZ1Bdad6cPp8Toise4TzEjcOYDHZkTCbKgiUl7WTUCpNWHuxmDt91wnsZBc9xinNzopv3JMQ==}
    engines: {node: '>=18'}

  jiti@2.6.1:
    resolution: {integrity: sha512-ekilCSN1jwRvIbgeg/57YFh8qQDNbwDb9xT/qu2DAHbFFZUicIl4ygVaAvzveMhMVr3LnpSKTNnwt8PoOfmKhQ==}
    hasBin: true

  js-yaml@3.14.2:
    resolution: {integrity: sha512-PMSmkqxr106Xa156c2M265Z+FTrPl+oxd/rgOQy2tijQeK5TxQ43psO1ZCwhVOSdnn+RzkzlRz/eY4BgJBYVpg==}
    hasBin: true

  kind-of@6.0.3:
    resolution: {integrity: sha512-dcS1ul+9tmeD95T+x28/ehLgd9mENa3LsvDTtzm3vyBEO7RPptvAD+t44WVXaUjTBRcrpFeFlC8WCruUR456hw==}
    engines: {node: '>=0.10.0'}

  lint-staged@16.4.0:
    resolution: {integrity: sha512-lBWt8hujh/Cjysw5GYVmZpFHXDCgZzhrOm8vbcUdobADZNOK/bRshr2kM3DfgrrtR1DQhfupW9gnIXOfiFi+bw==}
    engines: {node: '>=20.17'}
    hasBin: true

  listr2@9.0.5:
    resolution: {integrity: sha512-ME4Fb83LgEgwNw96RKNvKV4VTLuXfoKudAmm2lP8Kk87KaMK0/Xrx/aAkMWmT8mDb+3MlFDspfbCs7adjRxA2g==}
    engines: {node: '>=20.0.0'}

  log-update@6.1.0:
    resolution: {integrity: sha512-9ie8ItPR6tjY5uYJh8K/Zrv/RMZ5VOlOWvtZdEHYSTFKZfIBPQa9tOAEeAWhd+AnIneLJ22w5fjOYtoutpWq5w==}
    engines: {node: '>=18'}

  mimic-function@5.0.1:
    resolution: {integrity: sha512-VP79XUPxV2CigYP3jWwAUFSku2aKqBH7uTAapFWCBqutsbmDo96KY5o8uh6U+/YSIn5OxJnXp73beVkpqMIGhA==}
    engines: {node: '>=18'}

  onetime@7.0.0:
    resolution: {integrity: sha512-VXJjc87FScF88uafS3JllDgvAm+c/Slfz06lorj2uAY34rlUu0Nt+v8wreiImcrgAjjIHp1rXpTDlLOGw29WwQ==}
    engines: {node: '>=18'}

  oxfmt@0.45.0:
    resolution: {integrity: sha512-0o/COoN9fY50bjVeM7PQsNgbhndKurBIeTIcspW033OumksjJJmIVDKjAk5HMwU/GHTxSOdGDdhJ6BRzGPmsHg==}
    engines: {node: ^20.19.0 || >=22.12.0}
    hasBin: true

  oxlint@1.60.0:
    resolution: {integrity: sha512-tnRzTWiWJ9pg3ftRWnD0+Oqh78L6ZSwcEudvCZaER0PIqiAnNyXj5N1dPwjmNpDalkKS9m/WMLN1CTPUBPmsgw==}
    engines: {node: ^20.19.0 || >=22.12.0}
    hasBin: true
    peerDependencies:
      oxlint-tsgolint: '>=0.18.0'
    peerDependenciesMeta:
      oxlint-tsgolint:
        optional: true

  picocolors@1.1.1:
    resolution: {integrity: sha512-xceH2snhtb5M9liqDsmEw56le376mTZkEX/jEb/RxNFyegNul7eNslCXP9FDj/Lcu0X8KEyMceP2ntpaHrDEVA==}

  picomatch@4.0.4:
    resolution: {integrity: sha512-QP88BAKvMam/3NxH6vj2o21R6MjxZUAd6nlwAS/pnGvN9IVLocLHxGYIzFhg6fUQ+5th6P4dv4eW9jX3DSIj7A==}
    engines: {node: '>=12'}

  quansync@1.0.0:
    resolution: {integrity: sha512-5xZacEEufv3HSTPQuchrvV6soaiACMFnq1H8wkVioctoH3TRha9Sz66lOxRwPK/qZj7HPiSveih9yAyh98gvqA==}

  restore-cursor@5.1.0:
    resolution: {integrity: sha512-oMA2dcrw6u0YfxJQXm342bFKX/E4sG9rbTzO9ptUcR/e8A33cHuvStiYOwH7fszkZlZ1z/ta9AAoPk2F4qIOHA==}
    engines: {node: '>=18'}

  rfdc@1.4.1:
    resolution: {integrity: sha512-q1b3N5QkRUWUl7iyylaaj3kOpIT0N2i9MqIEQXP73GVsN9cw3fdx8X63cEmWhJGi2PPCF23Ijp7ktmd39rawIA==}

  rumdl@0.1.74:
    resolution: {integrity: sha512-S1gwPIhahLrxkFxQGvknV3DOXh8PatNiUqdlp9jCMcf/Chg2bbiruhkvdyU9tYRkHwQ7rV6qRaRb3XmqJrd4Mw==}
    engines: {node: '>=18.0.0'}
    hasBin: true

  section-matter@1.0.0:
    resolution: {integrity: sha512-vfD3pmTzGpufjScBh50YHKzEu2lxBWhVEHsNGoEXmCmn2hKGfeNLYMzCJpe8cD7gqX7TJluOVpBkAequ6dgMmA==}
    engines: {node: '>=4'}

  signal-exit@4.1.0:
    resolution: {integrity: sha512-bzyZ1e88w9O1iNJbKnOlvYTrWPDl46O1bG0D3XInv+9tkPrxrN8jUUTiFlDkkmKWgn1M6CfIA13SuGqOa9Korw==}
    engines: {node: '>=14'}

  sisteransi@1.0.5:
    resolution: {integrity: sha512-bLGGlR1QxBcynn2d5YmDX4MGjlZvy2MRBDRNHLJ8VI6l6+9FUiyTFNJ0IveOSP0bcXgVDPRcfGqA0pjaqUpfVg==}

  skills-npm@1.1.1:
    resolution: {integrity: sha512-qbRSzorWK3fVdpKzZquehYlWzmC29/MOh8AqWoX7NAZiCSAX/RuTpyqAml7hWBe7NM9DDx472kZ0hKO7CCXRkA==}
    hasBin: true

  slice-ansi@7.1.2:
    resolution: {integrity: sha512-iOBWFgUX7caIZiuutICxVgX1SdxwAVFFKwt1EvMYYec/NWO5meOJ6K5uQxhrYBdQJne4KxiqZc+KptFOWFSI9w==}
    engines: {node: '>=18'}

  slice-ansi@8.0.0:
    resolution: {integrity: sha512-stxByr12oeeOyY2BlviTNQlYV5xOj47GirPr4yA1hE9JCtxfQN0+tVbkxwCtYDQWhEKWFHsEK48ORg5jrouCAg==}
    engines: {node: '>=20'}

  sprintf-js@1.0.3:
    resolution: {integrity: sha512-D9cPgkvLlV3t3IzL0D0YLvGA9Ahk4PcvVwUbN0dSGr1aP0Nrt4AEnTUbuGvquEC0mA64Gqt1fzirlRs5ibXx8g==}

  string-argv@0.3.2:
    resolution: {integrity: sha512-aqD2Q0144Z+/RqG52NeHEkZauTAUWJO8c6yTftGJKO3Tja5tUgIfmIl6kExvhtxSDP7fXB6DvzkfMpCd/F3G+Q==}
    engines: {node: '>=0.6.19'}

  string-width@7.2.0:
    resolution: {integrity: sha512-tsaTIkKW9b4N+AEj+SVA+WhJzV7/zMhcSu78mLKWSk7cXMOSHsBKFWUs0fWwq8QyK3MgJBQRX6Gbi4kYbdvGkQ==}
    engines: {node: '>=18'}

  string-width@8.2.0:
    resolution: {integrity: sha512-6hJPQ8N0V0P3SNmP6h2J99RLuzrWz2gvT7VnK5tKvrNqJoyS9W4/Fb8mo31UiPvy00z7DQXkP2hnKBVav76thw==}
    engines: {node: '>=20'}

  strip-ansi@7.2.0:
    resolution: {integrity: sha512-yDPMNjp4WyfYBkHnjIRLfca1i6KMyGCtsVgoKe/z1+6vukgaENdgGBZt+ZmKPc4gavvEZ5OgHfHdrazhgNyG7w==}
    engines: {node: '>=12'}

  strip-bom-string@1.0.0:
    resolution: {integrity: sha512-uCC2VHvQRYu+lMh4My/sFNmF2klFymLX1wHJeXnbEJERpV/ZsVuonzerjfrGpIGF7LBVa1O7i9kjiWvJiFck8g==}
    engines: {node: '>=0.10.0'}

  tinyexec@1.1.1:
    resolution: {integrity: sha512-VKS/ZaQhhkKFMANmAOhhXVoIfBXblQxGX1myCQ2faQrfmobMftXeJPcZGp0gS07ocvGJWDLZGyOZDadDBqYIJg==}
    engines: {node: '>=18'}

  tinyglobby@0.2.16:
    resolution: {integrity: sha512-pn99VhoACYR8nFHhxqix+uvsbXineAasWm5ojXoN8xEwK5Kd3/TrhNn1wByuD52UxWRLy8pu+kRMniEi6Eq9Zg==}
    engines: {node: '>=12.0.0'}

  tinypool@2.1.0:
    resolution: {integrity: sha512-Pugqs6M0m7Lv1I7FtxN4aoyToKg1C4tu+/381vH35y8oENM/Ai7f7C4StcoK4/+BSw9ebcS8jRiVrORFKCALLw==}
    engines: {node: ^20.0.0 || >=22.0.0}

  typescript@6.0.3:
    resolution: {integrity: sha512-y2TvuxSZPDyQakkFRPZHKFm+KKVqIisdg9/CZwm9ftvKXLP8NRWj38/ODjNbr43SsoXqNuAisEf1GdCxqWcdBw==}
    engines: {node: '>=14.17'}
    hasBin: true

  unconfig-core@7.5.0:
    resolution: {integrity: sha512-Su3FauozOGP44ZmKdHy2oE6LPjk51M/TRRjHv2HNCWiDvfvCoxC2lno6jevMA91MYAdCdwP05QnWdWpSbncX/w==}

  unconfig@7.5.0:
    resolution: {integrity: sha512-oi8Qy2JV4D3UQ0PsopR28CzdQ3S/5A1zwsUwp/rosSbfhJ5z7b90bIyTwi/F7hCLD4SGcZVjDzd4XoUQcEanvA==}

  wrap-ansi@9.0.2:
    resolution: {integrity: sha512-42AtmgqjV+X1VpdOfyTGOYRi0/zsoLqtXQckTmqTeybT+BDIbM/Guxo7x3pE2vtpr1ok6xRqM9OpBe+Jyoqyww==}
    engines: {node: '>=18'}

  xdg-basedir@5.1.0:
    resolution: {integrity: sha512-GCPAHLvrIH13+c0SuacwvRYj2SxJXQ4kaVTT5xgL3kPrz56XxkF21IGhjSE1+W0aw7gpBWRGXLCPnPby6lSpmQ==}
    engines: {node: '>=12'}

  yaml@2.8.3:
    resolution: {integrity: sha512-AvbaCLOO2Otw/lW5bmh9d/WEdcDFdQp2Z2ZUH3pX9U2ihyUY0nvLv7J6TrWowklRGPYbB/IuIMfYgxaCPg5Bpg==}
    engines: {node: '>= 14.6'}
    hasBin: true

snapshots:

  '@clack/core@1.2.0':
    dependencies:
      fast-wrap-ansi: 0.1.6
      sisteransi: 1.0.5

  '@clack/prompts@1.2.0':
    dependencies:
      '@clack/core': 1.2.0
      fast-string-width: 1.1.0
      fast-wrap-ansi: 0.1.6
      sisteransi: 1.0.5

  '@oxfmt/binding-android-arm-eabi@0.45.0':
    optional: true

  '@oxfmt/binding-android-arm64@0.45.0':
    optional: true

  '@oxfmt/binding-darwin-arm64@0.45.0':
    optional: true

  '@oxfmt/binding-darwin-x64@0.45.0':
    optional: true

  '@oxfmt/binding-freebsd-x64@0.45.0':
    optional: true

  '@oxfmt/binding-linux-arm-gnueabihf@0.45.0':
    optional: true

  '@oxfmt/binding-linux-arm-musleabihf@0.45.0':
    optional: true

  '@oxfmt/binding-linux-arm64-gnu@0.45.0':
    optional: true

  '@oxfmt/binding-linux-arm64-musl@0.45.0':
    optional: true

  '@oxfmt/binding-linux-ppc64-gnu@0.45.0':
    optional: true

  '@oxfmt/binding-linux-riscv64-gnu@0.45.0':
    optional: true

  '@oxfmt/binding-linux-riscv64-musl@0.45.0':
    optional: true

  '@oxfmt/binding-linux-s390x-gnu@0.45.0':
    optional: true

  '@oxfmt/binding-linux-x64-gnu@0.45.0':
    optional: true

  '@oxfmt/binding-linux-x64-musl@0.45.0':
    optional: true

  '@oxfmt/binding-openharmony-arm64@0.45.0':
    optional: true

  '@oxfmt/binding-win32-arm64-msvc@0.45.0':
    optional: true

  '@oxfmt/binding-win32-ia32-msvc@0.45.0':
    optional: true

  '@oxfmt/binding-win32-x64-msvc@0.45.0':
    optional: true

  '@oxlint/binding-android-arm-eabi@1.60.0':
    optional: true

  '@oxlint/binding-android-arm64@1.60.0':
    optional: true

  '@oxlint/binding-darwin-arm64@1.60.0':
    optional: true

  '@oxlint/binding-darwin-x64@1.60.0':
    optional: true

  '@oxlint/binding-freebsd-x64@1.60.0':
    optional: true

  '@oxlint/binding-linux-arm-gnueabihf@1.60.0':
    optional: true

  '@oxlint/binding-linux-arm-musleabihf@1.60.0':
    optional: true

  '@oxlint/binding-linux-arm64-gnu@1.60.0':
    optional: true

  '@oxlint/binding-linux-arm64-musl@1.60.0':
    optional: true

  '@oxlint/binding-linux-ppc64-gnu@1.60.0':
    optional: true

  '@oxlint/binding-linux-riscv64-gnu@1.60.0':
    optional: true

  '@oxlint/binding-linux-riscv64-musl@1.60.0':
    optional: true

  '@oxlint/binding-linux-s390x-gnu@1.60.0':
    optional: true

  '@oxlint/binding-linux-x64-gnu@1.60.0':
    optional: true

  '@oxlint/binding-linux-x64-musl@1.60.0':
    optional: true

  '@oxlint/binding-openharmony-arm64@1.60.0':
    optional: true

  '@oxlint/binding-win32-arm64-msvc@1.60.0':
    optional: true

  '@oxlint/binding-win32-ia32-msvc@1.60.0':
    optional: true

  '@oxlint/binding-win32-x64-msvc@1.60.0':
    optional: true

  '@quansync/fs@1.0.0':
    dependencies:
      quansync: 1.0.0

  '@rumdl/cli-darwin-arm64@0.1.74':
    optional: true

  '@rumdl/cli-darwin-x64@0.1.74':
    optional: true

  '@rumdl/cli-linux-arm64-musl@0.1.74':
    optional: true

  '@rumdl/cli-linux-arm64@0.1.74':
    optional: true

  '@rumdl/cli-linux-x64-musl@0.1.74':
    optional: true

  '@rumdl/cli-linux-x64@0.1.74':
    optional: true

  '@rumdl/cli-win32-x64@0.1.74':
    optional: true

  ansi-escapes@7.3.0:
    dependencies:
      environment: 1.1.0

  ansi-regex@6.2.2: {}

  ansi-styles@6.2.3: {}

  argparse@1.0.10:
    dependencies:
      sprintf-js: 1.0.3

  cac@7.0.0: {}

  cli-cursor@5.0.0:
    dependencies:
      restore-cursor: 5.1.0

  cli-truncate@5.2.0:
    dependencies:
      slice-ansi: 8.0.0
      string-width: 8.2.0

  colorette@2.0.20: {}

  commander@14.0.3: {}

  defu@6.1.7: {}

  emoji-regex@10.6.0: {}

  environment@1.1.0: {}

  esprima@4.0.1: {}

  eventemitter3@5.0.4: {}

  extend-shallow@2.0.1:
    dependencies:
      is-extendable: 0.1.1

  fast-string-truncated-width@1.2.1: {}

  fast-string-width@1.1.0:
    dependencies:
      fast-string-truncated-width: 1.2.1

  fast-wrap-ansi@0.1.6:
    dependencies:
      fast-string-width: 1.1.0

  fdir@6.5.0(picomatch@4.0.4):
    optionalDependencies:
      picomatch: 4.0.4

  get-east-asian-width@1.5.0: {}

  gray-matter@4.0.3:
    dependencies:
      js-yaml: 3.14.2
      kind-of: 6.0.3
      section-matter: 1.0.0
      strip-bom-string: 1.0.0

  husky@9.1.7: {}

  is-extendable@0.1.1: {}

  is-fullwidth-code-point@5.1.0:
    dependencies:
      get-east-asian-width: 1.5.0

  jiti@2.6.1: {}

  js-yaml@3.14.2:
    dependencies:
      argparse: 1.0.10
      esprima: 4.0.1

  kind-of@6.0.3: {}

  lint-staged@16.4.0:
    dependencies:
      commander: 14.0.3
      listr2: 9.0.5
      picomatch: 4.0.4
      string-argv: 0.3.2
      tinyexec: 1.1.1
      yaml: 2.8.3

  listr2@9.0.5:
    dependencies:
      cli-truncate: 5.2.0
      colorette: 2.0.20
      eventemitter3: 5.0.4
      log-update: 6.1.0
      rfdc: 1.4.1
      wrap-ansi: 9.0.2

  log-update@6.1.0:
    dependencies:
      ansi-escapes: 7.3.0
      cli-cursor: 5.0.0
      slice-ansi: 7.1.2
      strip-ansi: 7.2.0
      wrap-ansi: 9.0.2

  mimic-function@5.0.1: {}

  onetime@7.0.0:
    dependencies:
      mimic-function: 5.0.1

  oxfmt@0.45.0:
    dependencies:
      tinypool: 2.1.0
    optionalDependencies:
      '@oxfmt/binding-android-arm-eabi': 0.45.0
      '@oxfmt/binding-android-arm64': 0.45.0
      '@oxfmt/binding-darwin-arm64': 0.45.0
      '@oxfmt/binding-darwin-x64': 0.45.0
      '@oxfmt/binding-freebsd-x64': 0.45.0
      '@oxfmt/binding-linux-arm-gnueabihf': 0.45.0
      '@oxfmt/binding-linux-arm-musleabihf': 0.45.0
      '@oxfmt/binding-linux-arm64-gnu': 0.45.0
      '@oxfmt/binding-linux-arm64-musl': 0.45.0
      '@oxfmt/binding-linux-ppc64-gnu': 0.45.0
      '@oxfmt/binding-linux-riscv64-gnu': 0.45.0
      '@oxfmt/binding-linux-riscv64-musl': 0.45.0
      '@oxfmt/binding-linux-s390x-gnu': 0.45.0
      '@oxfmt/binding-linux-x64-gnu': 0.45.0
      '@oxfmt/binding-linux-x64-musl': 0.45.0
      '@oxfmt/binding-openharmony-arm64': 0.45.0
      '@oxfmt/binding-win32-arm64-msvc': 0.45.0
      '@oxfmt/binding-win32-ia32-msvc': 0.45.0
      '@oxfmt/binding-win32-x64-msvc': 0.45.0

  oxlint@1.60.0:
    optionalDependencies:
      '@oxlint/binding-android-arm-eabi': 1.60.0
      '@oxlint/binding-android-arm64': 1.60.0
      '@oxlint/binding-darwin-arm64': 1.60.0
      '@oxlint/binding-darwin-x64': 1.60.0
      '@oxlint/binding-freebsd-x64': 1.60.0
      '@oxlint/binding-linux-arm-gnueabihf': 1.60.0
      '@oxlint/binding-linux-arm-musleabihf': 1.60.0
      '@oxlint/binding-linux-arm64-gnu': 1.60.0
      '@oxlint/binding-linux-arm64-musl': 1.60.0
      '@oxlint/binding-linux-ppc64-gnu': 1.60.0
      '@oxlint/binding-linux-riscv64-gnu': 1.60.0
      '@oxlint/binding-linux-riscv64-musl': 1.60.0
      '@oxlint/binding-linux-s390x-gnu': 1.60.0
      '@oxlint/binding-linux-x64-gnu': 1.60.0
      '@oxlint/binding-linux-x64-musl': 1.60.0
      '@oxlint/binding-openharmony-arm64': 1.60.0
      '@oxlint/binding-win32-arm64-msvc': 1.60.0
      '@oxlint/binding-win32-ia32-msvc': 1.60.0
      '@oxlint/binding-win32-x64-msvc': 1.60.0

  picocolors@1.1.1: {}

  picomatch@4.0.4: {}

  quansync@1.0.0: {}

  restore-cursor@5.1.0:
    dependencies:
      onetime: 7.0.0
      signal-exit: 4.1.0

  rfdc@1.4.1: {}

  rumdl@0.1.74:
    optionalDependencies:
      '@rumdl/cli-darwin-arm64': 0.1.74
      '@rumdl/cli-darwin-x64': 0.1.74
      '@rumdl/cli-linux-arm64': 0.1.74
      '@rumdl/cli-linux-arm64-musl': 0.1.74
      '@rumdl/cli-linux-x64': 0.1.74
      '@rumdl/cli-linux-x64-musl': 0.1.74
      '@rumdl/cli-win32-x64': 0.1.74

  section-matter@1.0.0:
    dependencies:
      extend-shallow: 2.0.1
      kind-of: 6.0.3

  signal-exit@4.1.0: {}

  sisteransi@1.0.5: {}

  skills-npm@1.1.1:
    dependencies:
      '@clack/prompts': 1.2.0
      cac: 7.0.0
      gray-matter: 4.0.3
      picocolors: 1.1.1
      tinyglobby: 0.2.16
      unconfig: 7.5.0
      xdg-basedir: 5.1.0
      yaml: 2.8.3

  slice-ansi@7.1.2:
    dependencies:
      ansi-styles: 6.2.3
      is-fullwidth-code-point: 5.1.0

  slice-ansi@8.0.0:
    dependencies:
      ansi-styles: 6.2.3
      is-fullwidth-code-point: 5.1.0

  sprintf-js@1.0.3: {}

  string-argv@0.3.2: {}

  string-width@7.2.0:
    dependencies:
      emoji-regex: 10.6.0
      get-east-asian-width: 1.5.0
      strip-ansi: 7.2.0

  string-width@8.2.0:
    dependencies:
      get-east-asian-width: 1.5.0
      strip-ansi: 7.2.0

  strip-ansi@7.2.0:
    dependencies:
      ansi-regex: 6.2.2

  strip-bom-string@1.0.0: {}

  tinyexec@1.1.1: {}

  tinyglobby@0.2.16:
    dependencies:
      fdir: 6.5.0(picomatch@4.0.4)
      picomatch: 4.0.4

  tinypool@2.1.0: {}

  typescript@6.0.3: {}

  unconfig-core@7.5.0:
    dependencies:
      '@quansync/fs': 1.0.0
      quansync: 1.0.0

  unconfig@7.5.0:
    dependencies:
      '@quansync/fs': 1.0.0
      defu: 6.1.7
      jiti: 2.6.1
      quansync: 1.0.0
      unconfig-core: 7.5.0

  wrap-ansi@9.0.2:
    dependencies:
      ansi-styles: 6.2.3
      string-width: 7.2.0
      strip-ansi: 7.2.0

  xdg-basedir@5.1.0: {}

  yaml@2.8.3: {}
